PODS:
  - SwiftGen (6.4.0)
  - SwiftLint (0.40.3)
  - TinyConstraints (4.0.1)

DEPENDENCIES:
  - SwiftGen
  - SwiftLint
  - TinyConstraints

SPEC REPOS:
  trunk:
    - SwiftGen
    - SwiftLint
    - TinyConstraints

SPEC CHECKSUMS:
  SwiftGen: 67860cc7c3cfc2ed25b9b74cfd55495fc89f9108
  SwiftLint: dfd554ff0dff17288ee574814ccdd5cea85d76f7
  TinyConstraints: 8dd91295e56797648c7bc335dd20e1d91ec4c192

PODFILE CHECKSUM: 34395647fc48ee60f3371aa7be58757fbb2117e0

COCOAPODS: 1.10.0
