PODS:
  - Charts (3.6.0):
    - Charts/Core (= 3.6.0)
  - Charts/Core (3.6.0)
  - Pageboy (3.6.2)
  - SwiftGen (6.4.0)
  - SwiftLint (0.40.3)
  - Tabman (2.9.1):
    - Pageboy (~> 3.6.0)
  - TinyConstraints (4.0.1)

DEPENDENCIES:
  - Charts
  - SwiftGen
  - SwiftLint
  - Tabman (~> 2.9)
  - TinyConstraints

SPEC REPOS:
  trunk:
    - Charts
    - Pageboy
    - SwiftGen
    - SwiftLint
    - Tabman
    - TinyConstraints

SPEC CHECKSUMS:
  Charts: b1e3a1f5a1c9ba5394438ca3b91bd8c9076310af
  Pageboy: cf121b9dd48c63f3f281b2a9ec93d02e0f23879b
  SwiftGen: 67860cc7c3cfc2ed25b9b74cfd55495fc89f9108
  SwiftLint: dfd554ff0dff17288ee574814ccdd5cea85d76f7
  Tabman: 085d89c65be9e883629bdaf5b1453a6397e57846
  TinyConstraints: 8dd91295e56797648c7bc335dd20e1d91ec4c192

PODFILE CHECKSUM: e1fb269fcd002992776a0b22cc74be39cb972ee8

COCOAPODS: 1.10.0
