// !$*UTF8*$!
{
	archiveVersion = 1;
	classes = {
	};
	objectVersion = 50;
	objects = {

/* Begin PBXBuildFile section */
		2D6D9F902930B8CA436D09CD /* Pods_OpenConnect_OpenConnectUITests.framework in Frameworks */ = {isa = PBXBuildFile; fileRef = 53467CAF6B3BBBF6C650FDD3 /* Pods_OpenConnect_OpenConnectUITests.framework */; };
		2F00CE62258E25020066D8B1 /* AppDelegate.swift in Sources */ = {isa = PBXBuildFile; fileRef = 2F00CE61258E25020066D8B1 /* AppDelegate.swift */; };
		2F00CE64258E25020066D8B1 /* SceneDelegate.swift in Sources */ = {isa = PBXBuildFile; fileRef = 2F00CE63258E25020066D8B1 /* SceneDelegate.swift */; };
		2F00CE66258E25020066D8B1 /* ViewController.swift in Sources */ = {isa = PBXBuildFile; fileRef = 2F00CE65258E25020066D8B1 /* ViewController.swift */; };
		2F00CE6C258E25020066D8B1 /* OpenConnect.xcdatamodeld in Sources */ = {isa = PBXBuildFile; fileRef = 2F00CE6A258E25020066D8B1 /* OpenConnect.xcdatamodeld */; };
		2F00CE6E258E25030066D8B1 /* Assets.xcassets in Resources */ = {isa = PBXBuildFile; fileRef = 2F00CE6D258E25030066D8B1 /* Assets.xcassets */; };
		2F00CE71258E25030066D8B1 /* LaunchScreen.storyboard in Resources */ = {isa = PBXBuildFile; fileRef = 2F00CE6F258E25030066D8B1 /* LaunchScreen.storyboard */; };
		2F00CE7C258E25030066D8B1 /* OpenConnectTests.swift in Sources */ = {isa = PBXBuildFile; fileRef = 2F00CE7B258E25030066D8B1 /* OpenConnectTests.swift */; };
		2F00CE87258E25030066D8B1 /* OpenConnectUITests.swift in Sources */ = {isa = PBXBuildFile; fileRef = 2F00CE86258E25030066D8B1 /* OpenConnectUITests.swift */; };
		2F00CE98258E32890066D8B1 /* UIImage+Assets.swift in Sources */ = {isa = PBXBuildFile; fileRef = 2F00CE97258E32890066D8B1 /* UIImage+Assets.swift */; };
		2F00CEAD258F28C70066D8B1 /* Montserrat-Light.ttf in Resources */ = {isa = PBXBuildFile; fileRef = 2F00CEA8258F28C70066D8B1 /* Montserrat-Light.ttf */; };
		2F00CEAE258F28C70066D8B1 /* Montserrat-Medium.ttf in Resources */ = {isa = PBXBuildFile; fileRef = 2F00CEA9258F28C70066D8B1 /* Montserrat-Medium.ttf */; };
		2F00CEAF258F28C70066D8B1 /* Montserrat-Bold.ttf in Resources */ = {isa = PBXBuildFile; fileRef = 2F00CEAA258F28C70066D8B1 /* Montserrat-Bold.ttf */; };
		2F00CEB0258F28C70066D8B1 /* Montserrat-Regular.ttf in Resources */ = {isa = PBXBuildFile; fileRef = 2F00CEAB258F28C70066D8B1 /* Montserrat-Regular.ttf */; };
		2F00CEB1258F28C70066D8B1 /* Montserrat-SemiBold.ttf in Resources */ = {isa = PBXBuildFile; fileRef = 2F00CEAC258F28C70066D8B1 /* Montserrat-SemiBold.ttf */; };
		2F00CEB4258F29000066D8B1 /* Theme+UIFont.swift in Sources */ = {isa = PBXBuildFile; fileRef = 2F00CEB3258F29000066D8B1 /* Theme+UIFont.swift */; };
		2F00CEB8258F29FB0066D8B1 /* UIFont+Extensions.swift in Sources */ = {isa = PBXBuildFile; fileRef = 2F00CEB7258F29FB0066D8B1 /* UIFont+Extensions.swift */; };
		2F00CEBB258F2C9C0066D8B1 /* ModuleBuilder.swift in Sources */ = {isa = PBXBuildFile; fileRef = 2F00CEBA258F2C9C0066D8B1 /* ModuleBuilder.swift */; };
		2F00CEBF258F2D360066D8B1 /* BaseViewInput.swift in Sources */ = {isa = PBXBuildFile; fileRef = 2F00CEBE258F2D360066D8B1 /* BaseViewInput.swift */; };
		2F00CEC2258F2DB40066D8B1 /* Constants.swift in Sources */ = {isa = PBXBuildFile; fileRef = 2F00CEC1258F2DB40066D8B1 /* Constants.swift */; };
		2F00CEC4258F2DEB0066D8B1 /* Strings.swift in Sources */ = {isa = PBXBuildFile; fileRef = 2F00CEC3258F2DEB0066D8B1 /* Strings.swift */; };
		2F00CEC7258F2E440066D8B1 /* Reusable+UICollectionView.swift in Sources */ = {isa = PBXBuildFile; fileRef = 2F00CEC6258F2E440066D8B1 /* Reusable+UICollectionView.swift */; };
		2F00CEC9258F2E720066D8B1 /* Reusable+UITableView.swift in Sources */ = {isa = PBXBuildFile; fileRef = 2F00CEC8258F2E720066D8B1 /* Reusable+UITableView.swift */; };
		2F00CECB258F2E900066D8B1 /* Reusable.swift in Sources */ = {isa = PBXBuildFile; fileRef = 2F00CECA258F2E900066D8B1 /* Reusable.swift */; };
		2F00CECE258F555B0066D8B1 /* UIViewController+Extensions.swift in Sources */ = {isa = PBXBuildFile; fileRef = 2F00CECD258F555B0066D8B1 /* UIViewController+Extensions.swift */; };
		2F00CED0258F55BC0066D8B1 /* UIView+Extensions.swift in Sources */ = {isa = PBXBuildFile; fileRef = 2F00CECF258F55BC0066D8B1 /* UIView+Extensions.swift */; };
		2F00CED2258F56060066D8B1 /* UITableView+Extensions.swift in Sources */ = {isa = PBXBuildFile; fileRef = 2F00CED1258F56060066D8B1 /* UITableView+Extensions.swift */; };
		2F00CED4258F56270066D8B1 /* UIStackView+Extensions.swift in Sources */ = {isa = PBXBuildFile; fileRef = 2F00CED3258F56270066D8B1 /* UIStackView+Extensions.swift */; };
		2F00CED6258F56460066D8B1 /* UILabel+Extensions.swift in Sources */ = {isa = PBXBuildFile; fileRef = 2F00CED5258F56460066D8B1 /* UILabel+Extensions.swift */; };
		2F00CED8258F56650066D8B1 /* UIImageView+Extensions.swift in Sources */ = {isa = PBXBuildFile; fileRef = 2F00CED7258F56650066D8B1 /* UIImageView+Extensions.swift */; };
		2F00CEDA258F56840066D8B1 /* UICollectionView+Extensions.swift in Sources */ = {isa = PBXBuildFile; fileRef = 2F00CED9258F56840066D8B1 /* UICollectionView+Extensions.swift */; };
		2F00CEDC258F57890066D8B1 /* UIButton+Extensions.swift in Sources */ = {isa = PBXBuildFile; fileRef = 2F00CEDB258F57890066D8B1 /* UIButton+Extensions.swift */; };
		2F00CEDE258F57AC0066D8B1 /* UIBarButton+Extension.swift in Sources */ = {isa = PBXBuildFile; fileRef = 2F00CEDD258F57AC0066D8B1 /* UIBarButton+Extension.swift */; };
		2F00CEE0258F57CA0066D8B1 /* UIApplication+Extensions.swift in Sources */ = {isa = PBXBuildFile; fileRef = 2F00CEDF258F57CA0066D8B1 /* UIApplication+Extensions.swift */; };
		2F00CEE2258F58A00066D8B1 /* Theme+UIColor.swift in Sources */ = {isa = PBXBuildFile; fileRef = 2F00CEE1258F58A00066D8B1 /* Theme+UIColor.swift */; };
		2F00CEE4258F58D40066D8B1 /* Collection+Extensions.swift in Sources */ = {isa = PBXBuildFile; fileRef = 2F00CEE3258F58D40066D8B1 /* Collection+Extensions.swift */; };
		2F00CEE6258F58F00066D8B1 /* Optional+Extensions.swift in Sources */ = {isa = PBXBuildFile; fileRef = 2F00CEE5258F58F00066D8B1 /* Optional+Extensions.swift */; };
		2F00CEE8258F59420066D8B1 /* String+Extensions.swift in Sources */ = {isa = PBXBuildFile; fileRef = 2F00CEE7258F59420066D8B1 /* String+Extensions.swift */; };
		2F00CEEA258F598C0066D8B1 /* Utils+UIViewController+Extensions.swift in Sources */ = {isa = PBXBuildFile; fileRef = 2F00CEE9258F598C0066D8B1 /* Utils+UIViewController+Extensions.swift */; };
		2F00CEEC258F59B00066D8B1 /* Utils+UIColor+Extensions.swift in Sources */ = {isa = PBXBuildFile; fileRef = 2F00CEEB258F59B00066D8B1 /* Utils+UIColor+Extensions.swift */; };
		2F00CEEE258F59CF0066D8B1 /* Utils+UIApplication+Extensions.swift in Sources */ = {isa = PBXBuildFile; fileRef = 2F00CEED258F59CF0066D8B1 /* Utils+UIApplication+Extensions.swift */; };
		928CC2318126CC535E2E03A7 /* Pods_OpenConnectTests.framework in Frameworks */ = {isa = PBXBuildFile; fileRef = A55CA9A1DD41C76929885543 /* Pods_OpenConnectTests.framework */; };
		97463F6453E975B37902A5DB /* Pods_OpenConnect.framework in Frameworks */ = {isa = PBXBuildFile; fileRef = 0E0E9CE00B775F69D8DDF428 /* Pods_OpenConnect.framework */; };
/* End PBXBuildFile section */

/* Begin PBXContainerItemProxy section */
		2F00CE78258E25030066D8B1 /* PBXContainerItemProxy */ = {
			isa = PBXContainerItemProxy;
			containerPortal = 2F00CE56258E25020066D8B1 /* Project object */;
			proxyType = 1;
			remoteGlobalIDString = 2F00CE5D258E25020066D8B1;
			remoteInfo = OpenConnect;
		};
		2F00CE83258E25030066D8B1 /* PBXContainerItemProxy */ = {
			isa = PBXContainerItemProxy;
			containerPortal = 2F00CE56258E25020066D8B1 /* Project object */;
			proxyType = 1;
			remoteGlobalIDString = 2F00CE5D258E25020066D8B1;
			remoteInfo = OpenConnect;
		};
/* End PBXContainerItemProxy section */

/* Begin PBXFileReference section */
		0E0E9CE00B775F69D8DDF428 /* Pods_OpenConnect.framework */ = {isa = PBXFileReference; explicitFileType = wrapper.framework; includeInIndex = 0; path = Pods_OpenConnect.framework; sourceTree = BUILT_PRODUCTS_DIR; };
		2639EAFDA2C0DFE299457FD2 /* Pods-OpenConnect.debug.xcconfig */ = {isa = PBXFileReference; includeInIndex = 1; lastKnownFileType = text.xcconfig; name = "Pods-OpenConnect.debug.xcconfig"; path = "Target Support Files/Pods-OpenConnect/Pods-OpenConnect.debug.xcconfig"; sourceTree = "<group>"; };
		2895ABE857E1175E1CAC8D82 /* Pods-OpenConnectTests.debug.xcconfig */ = {isa = PBXFileReference; includeInIndex = 1; lastKnownFileType = text.xcconfig; name = "Pods-OpenConnectTests.debug.xcconfig"; path = "Target Support Files/Pods-OpenConnectTests/Pods-OpenConnectTests.debug.xcconfig"; sourceTree = "<group>"; };
		2F00CE5E258E25020066D8B1 /* OpenConnect.app */ = {isa = PBXFileReference; explicitFileType = wrapper.application; includeInIndex = 0; path = OpenConnect.app; sourceTree = BUILT_PRODUCTS_DIR; };
		2F00CE61258E25020066D8B1 /* AppDelegate.swift */ = {isa = PBXFileReference; lastKnownFileType = sourcecode.swift; path = AppDelegate.swift; sourceTree = "<group>"; };
		2F00CE63258E25020066D8B1 /* SceneDelegate.swift */ = {isa = PBXFileReference; lastKnownFileType = sourcecode.swift; path = SceneDelegate.swift; sourceTree = "<group>"; };
		2F00CE65258E25020066D8B1 /* ViewController.swift */ = {isa = PBXFileReference; lastKnownFileType = sourcecode.swift; path = ViewController.swift; sourceTree = "<group>"; };
		2F00CE6B258E25020066D8B1 /* OpenConnect.xcdatamodel */ = {isa = PBXFileReference; lastKnownFileType = wrapper.xcdatamodel; path = OpenConnect.xcdatamodel; sourceTree = "<group>"; };
		2F00CE6D258E25030066D8B1 /* Assets.xcassets */ = {isa = PBXFileReference; lastKnownFileType = folder.assetcatalog; path = Assets.xcassets; sourceTree = "<group>"; };
		2F00CE70258E25030066D8B1 /* Base */ = {isa = PBXFileReference; lastKnownFileType = file.storyboard; name = Base; path = Base.lproj/LaunchScreen.storyboard; sourceTree = "<group>"; };
		2F00CE72258E25030066D8B1 /* Info.plist */ = {isa = PBXFileReference; lastKnownFileType = text.plist.xml; path = Info.plist; sourceTree = "<group>"; };
		2F00CE77258E25030066D8B1 /* OpenConnectTests.xctest */ = {isa = PBXFileReference; explicitFileType = wrapper.cfbundle; includeInIndex = 0; path = OpenConnectTests.xctest; sourceTree = BUILT_PRODUCTS_DIR; };
		2F00CE7B258E25030066D8B1 /* OpenConnectTests.swift */ = {isa = PBXFileReference; lastKnownFileType = sourcecode.swift; path = OpenConnectTests.swift; sourceTree = "<group>"; };
		2F00CE7D258E25030066D8B1 /* Info.plist */ = {isa = PBXFileReference; lastKnownFileType = text.plist.xml; path = Info.plist; sourceTree = "<group>"; };
		2F00CE82258E25030066D8B1 /* OpenConnectUITests.xctest */ = {isa = PBXFileReference; explicitFileType = wrapper.cfbundle; includeInIndex = 0; path = OpenConnectUITests.xctest; sourceTree = BUILT_PRODUCTS_DIR; };
		2F00CE86258E25030066D8B1 /* OpenConnectUITests.swift */ = {isa = PBXFileReference; lastKnownFileType = sourcecode.swift; path = OpenConnectUITests.swift; sourceTree = "<group>"; };
		2F00CE88258E25030066D8B1 /* Info.plist */ = {isa = PBXFileReference; lastKnownFileType = text.plist.xml; path = Info.plist; sourceTree = "<group>"; };
		2F00CE97258E32890066D8B1 /* UIImage+Assets.swift */ = {isa = PBXFileReference; fileEncoding = 4; lastKnownFileType = sourcecode.swift; path = "UIImage+Assets.swift"; sourceTree = "<group>"; };
		2F00CEA8258F28C70066D8B1 /* Montserrat-Light.ttf */ = {isa = PBXFileReference; lastKnownFileType = file; path = "Montserrat-Light.ttf"; sourceTree = "<group>"; };
		2F00CEA9258F28C70066D8B1 /* Montserrat-Medium.ttf */ = {isa = PBXFileReference; lastKnownFileType = file; path = "Montserrat-Medium.ttf"; sourceTree = "<group>"; };
		2F00CEAA258F28C70066D8B1 /* Montserrat-Bold.ttf */ = {isa = PBXFileReference; lastKnownFileType = file; path = "Montserrat-Bold.ttf"; sourceTree = "<group>"; };
		2F00CEAB258F28C70066D8B1 /* Montserrat-Regular.ttf */ = {isa = PBXFileReference; lastKnownFileType = file; path = "Montserrat-Regular.ttf"; sourceTree = "<group>"; };
		2F00CEAC258F28C70066D8B1 /* Montserrat-SemiBold.ttf */ = {isa = PBXFileReference; lastKnownFileType = file; path = "Montserrat-SemiBold.ttf"; sourceTree = "<group>"; };
		2F00CEB3258F29000066D8B1 /* Theme+UIFont.swift */ = {isa = PBXFileReference; lastKnownFileType = sourcecode.swift; path = "Theme+UIFont.swift"; sourceTree = "<group>"; };
		2F00CEB7258F29FB0066D8B1 /* UIFont+Extensions.swift */ = {isa = PBXFileReference; lastKnownFileType = sourcecode.swift; path = "UIFont+Extensions.swift"; sourceTree = "<group>"; };
		2F00CEBA258F2C9C0066D8B1 /* ModuleBuilder.swift */ = {isa = PBXFileReference; lastKnownFileType = sourcecode.swift; path = ModuleBuilder.swift; sourceTree = "<group>"; };
		2F00CEBE258F2D360066D8B1 /* BaseViewInput.swift */ = {isa = PBXFileReference; lastKnownFileType = sourcecode.swift; path = BaseViewInput.swift; sourceTree = "<group>"; };
		2F00CEC1258F2DB40066D8B1 /* Constants.swift */ = {isa = PBXFileReference; lastKnownFileType = sourcecode.swift; path = Constants.swift; sourceTree = "<group>"; };
		2F00CEC3258F2DEB0066D8B1 /* Strings.swift */ = {isa = PBXFileReference; lastKnownFileType = sourcecode.swift; path = Strings.swift; sourceTree = "<group>"; };
		2F00CEC6258F2E440066D8B1 /* Reusable+UICollectionView.swift */ = {isa = PBXFileReference; lastKnownFileType = sourcecode.swift; path = "Reusable+UICollectionView.swift"; sourceTree = "<group>"; };
		2F00CEC8258F2E720066D8B1 /* Reusable+UITableView.swift */ = {isa = PBXFileReference; lastKnownFileType = sourcecode.swift; path = "Reusable+UITableView.swift"; sourceTree = "<group>"; };
		2F00CECA258F2E900066D8B1 /* Reusable.swift */ = {isa = PBXFileReference; lastKnownFileType = sourcecode.swift; path = Reusable.swift; sourceTree = "<group>"; };
		2F00CECD258F555B0066D8B1 /* UIViewController+Extensions.swift */ = {isa = PBXFileReference; lastKnownFileType = sourcecode.swift; path = "UIViewController+Extensions.swift"; sourceTree = "<group>"; };
		2F00CECF258F55BC0066D8B1 /* UIView+Extensions.swift */ = {isa = PBXFileReference; lastKnownFileType = sourcecode.swift; path = "UIView+Extensions.swift"; sourceTree = "<group>"; };
		2F00CED1258F56060066D8B1 /* UITableView+Extensions.swift */ = {isa = PBXFileReference; lastKnownFileType = sourcecode.swift; path = "UITableView+Extensions.swift"; sourceTree = "<group>"; };
		2F00CED3258F56270066D8B1 /* UIStackView+Extensions.swift */ = {isa = PBXFileReference; lastKnownFileType = sourcecode.swift; path = "UIStackView+Extensions.swift"; sourceTree = "<group>"; };
		2F00CED5258F56460066D8B1 /* UILabel+Extensions.swift */ = {isa = PBXFileReference; lastKnownFileType = sourcecode.swift; path = "UILabel+Extensions.swift"; sourceTree = "<group>"; };
		2F00CED7258F56650066D8B1 /* UIImageView+Extensions.swift */ = {isa = PBXFileReference; lastKnownFileType = sourcecode.swift; path = "UIImageView+Extensions.swift"; sourceTree = "<group>"; };
		2F00CED9258F56840066D8B1 /* UICollectionView+Extensions.swift */ = {isa = PBXFileReference; lastKnownFileType = sourcecode.swift; path = "UICollectionView+Extensions.swift"; sourceTree = "<group>"; };
		2F00CEDB258F57890066D8B1 /* UIButton+Extensions.swift */ = {isa = PBXFileReference; lastKnownFileType = sourcecode.swift; path = "UIButton+Extensions.swift"; sourceTree = "<group>"; };
		2F00CEDD258F57AC0066D8B1 /* UIBarButton+Extension.swift */ = {isa = PBXFileReference; lastKnownFileType = sourcecode.swift; path = "UIBarButton+Extension.swift"; sourceTree = "<group>"; };
		2F00CEDF258F57CA0066D8B1 /* UIApplication+Extensions.swift */ = {isa = PBXFileReference; lastKnownFileType = sourcecode.swift; path = "UIApplication+Extensions.swift"; sourceTree = "<group>"; };
		2F00CEE1258F58A00066D8B1 /* Theme+UIColor.swift */ = {isa = PBXFileReference; lastKnownFileType = sourcecode.swift; path = "Theme+UIColor.swift"; sourceTree = "<group>"; };
		2F00CEE3258F58D40066D8B1 /* Collection+Extensions.swift */ = {isa = PBXFileReference; lastKnownFileType = sourcecode.swift; path = "Collection+Extensions.swift"; sourceTree = "<group>"; };
		2F00CEE5258F58F00066D8B1 /* Optional+Extensions.swift */ = {isa = PBXFileReference; lastKnownFileType = sourcecode.swift; path = "Optional+Extensions.swift"; sourceTree = "<group>"; };
		2F00CEE7258F59420066D8B1 /* String+Extensions.swift */ = {isa = PBXFileReference; lastKnownFileType = sourcecode.swift; path = "String+Extensions.swift"; sourceTree = "<group>"; };
		2F00CEE9258F598C0066D8B1 /* Utils+UIViewController+Extensions.swift */ = {isa = PBXFileReference; lastKnownFileType = sourcecode.swift; path = "Utils+UIViewController+Extensions.swift"; sourceTree = "<group>"; };
		2F00CEEB258F59B00066D8B1 /* Utils+UIColor+Extensions.swift */ = {isa = PBXFileReference; lastKnownFileType = sourcecode.swift; path = "Utils+UIColor+Extensions.swift"; sourceTree = "<group>"; };
		2F00CEED258F59CF0066D8B1 /* Utils+UIApplication+Extensions.swift */ = {isa = PBXFileReference; lastKnownFileType = sourcecode.swift; path = "Utils+UIApplication+Extensions.swift"; sourceTree = "<group>"; };
		53467CAF6B3BBBF6C650FDD3 /* Pods_OpenConnect_OpenConnectUITests.framework */ = {isa = PBXFileReference; explicitFileType = wrapper.framework; includeInIndex = 0; path = Pods_OpenConnect_OpenConnectUITests.framework; sourceTree = BUILT_PRODUCTS_DIR; };
		7CD791A28A2A048FDCD03E6E /* Pods-OpenConnect-OpenConnectUITests.debug.xcconfig */ = {isa = PBXFileReference; includeInIndex = 1; lastKnownFileType = text.xcconfig; name = "Pods-OpenConnect-OpenConnectUITests.debug.xcconfig"; path = "Target Support Files/Pods-OpenConnect-OpenConnectUITests/Pods-OpenConnect-OpenConnectUITests.debug.xcconfig"; sourceTree = "<group>"; };
		A55CA9A1DD41C76929885543 /* Pods_OpenConnectTests.framework */ = {isa = PBXFileReference; explicitFileType = wrapper.framework; includeInIndex = 0; path = Pods_OpenConnectTests.framework; sourceTree = BUILT_PRODUCTS_DIR; };
		AAE6DF23C04B42770A6B4339 /* Pods-OpenConnectTests.release.xcconfig */ = {isa = PBXFileReference; includeInIndex = 1; lastKnownFileType = text.xcconfig; name = "Pods-OpenConnectTests.release.xcconfig"; path = "Target Support Files/Pods-OpenConnectTests/Pods-OpenConnectTests.release.xcconfig"; sourceTree = "<group>"; };
		DAA47826ECE96C49B76C9185 /* Pods-OpenConnect.release.xcconfig */ = {isa = PBXFileReference; includeInIndex = 1; lastKnownFileType = text.xcconfig; name = "Pods-OpenConnect.release.xcconfig"; path = "Target Support Files/Pods-OpenConnect/Pods-OpenConnect.release.xcconfig"; sourceTree = "<group>"; };
		EA499719A1EB010D0D8AD340 /* Pods-OpenConnect-OpenConnectUITests.release.xcconfig */ = {isa = PBXFileReference; includeInIndex = 1; lastKnownFileType = text.xcconfig; name = "Pods-OpenConnect-OpenConnectUITests.release.xcconfig"; path = "Target Support Files/Pods-OpenConnect-OpenConnectUITests/Pods-OpenConnect-OpenConnectUITests.release.xcconfig"; sourceTree = "<group>"; };
/* End PBXFileReference section */

/* Begin PBXFrameworksBuildPhase section */
		2F00CE5B258E25020066D8B1 /* Frameworks */ = {
			isa = PBXFrameworksBuildPhase;
			buildActionMask = 2147483647;
			files = (
				97463F6453E975B37902A5DB /* Pods_OpenConnect.framework in Frameworks */,
			);
			runOnlyForDeploymentPostprocessing = 0;
		};
		2F00CE74258E25030066D8B1 /* Frameworks */ = {
			isa = PBXFrameworksBuildPhase;
			buildActionMask = 2147483647;
			files = (
				928CC2318126CC535E2E03A7 /* Pods_OpenConnectTests.framework in Frameworks */,
			);
			runOnlyForDeploymentPostprocessing = 0;
		};
		2F00CE7F258E25030066D8B1 /* Frameworks */ = {
			isa = PBXFrameworksBuildPhase;
			buildActionMask = 2147483647;
			files = (
				2D6D9F902930B8CA436D09CD /* Pods_OpenConnect_OpenConnectUITests.framework in Frameworks */,
			);
			runOnlyForDeploymentPostprocessing = 0;
		};
/* End PBXFrameworksBuildPhase section */

/* Begin PBXGroup section */
		2F00CE55258E25020066D8B1 = {
			isa = PBXGroup;
			children = (
				2F00CE60258E25020066D8B1 /* OpenConnect */,
				2F00CE7A258E25030066D8B1 /* OpenConnectTests */,
				2F00CE85258E25030066D8B1 /* OpenConnectUITests */,
				2F00CE5F258E25020066D8B1 /* Products */,
				2F730B13896FCB55C09A3D8C /* Pods */,
				D2C241BB24191C8091686A65 /* Frameworks */,
			);
			sourceTree = "<group>";
		};
		2F00CE5F258E25020066D8B1 /* Products */ = {
			isa = PBXGroup;
			children = (
				2F00CE5E258E25020066D8B1 /* OpenConnect.app */,
				2F00CE77258E25030066D8B1 /* OpenConnectTests.xctest */,
				2F00CE82258E25030066D8B1 /* OpenConnectUITests.xctest */,
			);
			name = Products;
			sourceTree = "<group>";
		};
		2F00CE60258E25020066D8B1 /* OpenConnect */ = {
			isa = PBXGroup;
			children = (
				2F00CE72258E25030066D8B1 /* Info.plist */,
				2F00CE61258E25020066D8B1 /* AppDelegate.swift */,
				2F00CE63258E25020066D8B1 /* SceneDelegate.swift */,
				2F00CE9C258F26C70066D8B1 /* Configurations */,
				2F00CEA6258F272C0066D8B1 /* DB */,
				2F00CE9E258F26DF0066D8B1 /* Dependecy */,
				2F00CE9F258F26EC0066D8B1 /* Networking */,
				2F00CE95258E31D30066D8B1 /* Resources */,
				2F00CEA0258F26F40066D8B1 /* Services */,
				2F00CEA2258F27010066D8B1 /* Source */,
			);
			path = OpenConnect;
			sourceTree = "<group>";
		};
		2F00CE7A258E25030066D8B1 /* OpenConnectTests */ = {
			isa = PBXGroup;
			children = (
				2F00CE7B258E25030066D8B1 /* OpenConnectTests.swift */,
				2F00CE7D258E25030066D8B1 /* Info.plist */,
			);
			path = OpenConnectTests;
			sourceTree = "<group>";
		};
		2F00CE85258E25030066D8B1 /* OpenConnectUITests */ = {
			isa = PBXGroup;
			children = (
				2F00CE86258E25030066D8B1 /* OpenConnectUITests.swift */,
				2F00CE88258E25030066D8B1 /* Info.plist */,
			);
			path = OpenConnectUITests;
			sourceTree = "<group>";
		};
		2F00CE95258E31D30066D8B1 /* Resources */ = {
			isa = PBXGroup;
			children = (
				2F00CE6D258E25030066D8B1 /* Assets.xcassets */,
				2F00CE6F258E25030066D8B1 /* LaunchScreen.storyboard */,
				2F00CEA7258F28AE0066D8B1 /* Font */,
				2F00CE96258E327B0066D8B1 /* Generated */,
				2F00CEB2258F28E40066D8B1 /* Theme */,
			);
			path = Resources;
			sourceTree = "<group>";
		};
		2F00CE96258E327B0066D8B1 /* Generated */ = {
			isa = PBXGroup;
			children = (
				2F00CE97258E32890066D8B1 /* UIImage+Assets.swift */,
			);
			path = Generated;
			sourceTree = "<group>";
		};
		2F00CE9C258F26C70066D8B1 /* Configurations */ = {
			isa = PBXGroup;
			children = (
			);
			path = Configurations;
			sourceTree = "<group>";
		};
		2F00CE9D258F26D50066D8B1 /* Core */ = {
			isa = PBXGroup;
			children = (
				2F00CEB9258F2C8F0066D8B1 /* ModuleBuilder */,
			);
			path = Core;
			sourceTree = "<group>";
		};
		2F00CE9E258F26DF0066D8B1 /* Dependecy */ = {
			isa = PBXGroup;
			children = (
				2F00CEBC258F2D230066D8B1 /* UIComponents */,
				2F00CE9D258F26D50066D8B1 /* Core */,
				2F00CEB5258F29E20066D8B1 /* Utils */,
			);
			path = Dependecy;
			sourceTree = "<group>";
		};
		2F00CE9F258F26EC0066D8B1 /* Networking */ = {
			isa = PBXGroup;
			children = (
			);
			path = Networking;
			sourceTree = "<group>";
		};
		2F00CEA0258F26F40066D8B1 /* Services */ = {
			isa = PBXGroup;
			children = (
			);
			path = Services;
			sourceTree = "<group>";
		};
		2F00CEA2258F27010066D8B1 /* Source */ = {
			isa = PBXGroup;
			children = (
				2F00CEA5258F27190066D8B1 /* Modules */,
				2F00CEA4258F27110066D8B1 /* Model */,
			);
			path = Source;
			sourceTree = "<group>";
		};
		2F00CEA4258F27110066D8B1 /* Model */ = {
			isa = PBXGroup;
			children = (
			);
			path = Model;
			sourceTree = "<group>";
		};
		2F00CEA5258F27190066D8B1 /* Modules */ = {
			isa = PBXGroup;
			children = (
				2F00CE65258E25020066D8B1 /* ViewController.swift */,
			);
			path = Modules;
			sourceTree = "<group>";
		};
		2F00CEA6258F272C0066D8B1 /* DB */ = {
			isa = PBXGroup;
			children = (
				2F00CE6A258E25020066D8B1 /* OpenConnect.xcdatamodeld */,
			);
			path = DB;
			sourceTree = "<group>";
		};
		2F00CEA7258F28AE0066D8B1 /* Font */ = {
			isa = PBXGroup;
			children = (
				2F00CEAA258F28C70066D8B1 /* Montserrat-Bold.ttf */,
				2F00CEA8258F28C70066D8B1 /* Montserrat-Light.ttf */,
				2F00CEA9258F28C70066D8B1 /* Montserrat-Medium.ttf */,
				2F00CEAB258F28C70066D8B1 /* Montserrat-Regular.ttf */,
				2F00CEAC258F28C70066D8B1 /* Montserrat-SemiBold.ttf */,
			);
			path = Font;
			sourceTree = "<group>";
		};
		2F00CEB2258F28E40066D8B1 /* Theme */ = {
			isa = PBXGroup;
			children = (
				2F00CEB3258F29000066D8B1 /* Theme+UIFont.swift */,
				2F00CEE1258F58A00066D8B1 /* Theme+UIColor.swift */,
			);
			path = Theme;
			sourceTree = "<group>";
		};
		2F00CEB5258F29E20066D8B1 /* Utils */ = {
			isa = PBXGroup;
			children = (
				2F00CEC0258F2DA10066D8B1 /* Constants */,
				2F00CEB6258F29EA0066D8B1 /* Extensions */,
				2F00CEC5258F2E2E0066D8B1 /* Reusable */,
			);
			path = Utils;
			sourceTree = "<group>";
		};
		2F00CEB6258F29EA0066D8B1 /* Extensions */ = {
			isa = PBXGroup;
			children = (
				2F00CEE3258F58D40066D8B1 /* Collection+Extensions.swift */,
				2F00CEE5258F58F00066D8B1 /* Optional+Extensions.swift */,
				2F00CEE7258F59420066D8B1 /* String+Extensions.swift */,
				2F00CEB7258F29FB0066D8B1 /* UIFont+Extensions.swift */,
				2F00CEED258F59CF0066D8B1 /* Utils+UIApplication+Extensions.swift */,
				2F00CEEB258F59B00066D8B1 /* Utils+UIColor+Extensions.swift */,
				2F00CEE9258F598C0066D8B1 /* Utils+UIViewController+Extensions.swift */,
			);
			path = Extensions;
			sourceTree = "<group>";
		};
		2F00CEB9258F2C8F0066D8B1 /* ModuleBuilder */ = {
			isa = PBXGroup;
			children = (
				2F00CEBA258F2C9C0066D8B1 /* ModuleBuilder.swift */,
			);
			path = ModuleBuilder;
			sourceTree = "<group>";
		};
		2F00CEBC258F2D230066D8B1 /* UIComponents */ = {
			isa = PBXGroup;
			children = (
				2F00CEBD258F2D2B0066D8B1 /* BaseViewInput */,
				2F00CECC258F55350066D8B1 /* Extensions */,
			);
			path = UIComponents;
			sourceTree = "<group>";
		};
		2F00CEBD258F2D2B0066D8B1 /* BaseViewInput */ = {
			isa = PBXGroup;
			children = (
				2F00CEBE258F2D360066D8B1 /* BaseViewInput.swift */,
			);
			path = BaseViewInput;
			sourceTree = "<group>";
		};
		2F00CEC0258F2DA10066D8B1 /* Constants */ = {
			isa = PBXGroup;
			children = (
				2F00CEC1258F2DB40066D8B1 /* Constants.swift */,
				2F00CEC3258F2DEB0066D8B1 /* Strings.swift */,
			);
			path = Constants;
			sourceTree = "<group>";
		};
		2F00CEC5258F2E2E0066D8B1 /* Reusable */ = {
			isa = PBXGroup;
			children = (
				2F00CEC6258F2E440066D8B1 /* Reusable+UICollectionView.swift */,
				2F00CEC8258F2E720066D8B1 /* Reusable+UITableView.swift */,
				2F00CECA258F2E900066D8B1 /* Reusable.swift */,
			);
			path = Reusable;
			sourceTree = "<group>";
		};
		2F00CECC258F55350066D8B1 /* Extensions */ = {
			isa = PBXGroup;
			children = (
				2F00CEDF258F57CA0066D8B1 /* UIApplication+Extensions.swift */,
				2F00CEDD258F57AC0066D8B1 /* UIBarButton+Extension.swift */,
				2F00CEDB258F57890066D8B1 /* UIButton+Extensions.swift */,
				2F00CED9258F56840066D8B1 /* UICollectionView+Extensions.swift */,
				2F00CED7258F56650066D8B1 /* UIImageView+Extensions.swift */,
				2F00CED5258F56460066D8B1 /* UILabel+Extensions.swift */,
				2F00CED3258F56270066D8B1 /* UIStackView+Extensions.swift */,
				2F00CED1258F56060066D8B1 /* UITableView+Extensions.swift */,
				2F00CECF258F55BC0066D8B1 /* UIView+Extensions.swift */,
				2F00CECD258F555B0066D8B1 /* UIViewController+Extensions.swift */,
			);
			path = Extensions;
			sourceTree = "<group>";
		};
		2F730B13896FCB55C09A3D8C /* Pods */ = {
			isa = PBXGroup;
			children = (
				2639EAFDA2C0DFE299457FD2 /* Pods-OpenConnect.debug.xcconfig */,
				DAA47826ECE96C49B76C9185 /* Pods-OpenConnect.release.xcconfig */,
				7CD791A28A2A048FDCD03E6E /* Pods-OpenConnect-OpenConnectUITests.debug.xcconfig */,
				EA499719A1EB010D0D8AD340 /* Pods-OpenConnect-OpenConnectUITests.release.xcconfig */,
				2895ABE857E1175E1CAC8D82 /* Pods-OpenConnectTests.debug.xcconfig */,
				AAE6DF23C04B42770A6B4339 /* Pods-OpenConnectTests.release.xcconfig */,
			);
			path = Pods;
			sourceTree = "<group>";
		};
		D2C241BB24191C8091686A65 /* Frameworks */ = {
			isa = PBXGroup;
			children = (
				0E0E9CE00B775F69D8DDF428 /* Pods_OpenConnect.framework */,
				53467CAF6B3BBBF6C650FDD3 /* Pods_OpenConnect_OpenConnectUITests.framework */,
				A55CA9A1DD41C76929885543 /* Pods_OpenConnectTests.framework */,
			);
			name = Frameworks;
			sourceTree = "<group>";
		};
/* End PBXGroup section */

/* Begin PBXNativeTarget section */
		2F00CE5D258E25020066D8B1 /* OpenConnect */ = {
			isa = PBXNativeTarget;
			buildConfigurationList = 2F00CE8B258E25030066D8B1 /* Build configuration list for PBXNativeTarget "OpenConnect" */;
			buildPhases = (
				5300E1166F672BE6B10E4B46 /* [CP] Check Pods Manifest.lock */,
				2F00CE94258E31470066D8B1 /* Pod: SwiftGen Run Script */,
				2F00CE99258E34170066D8B1 /* Pod: SwiftLint Run Script */,
				2F00CE5A258E25020066D8B1 /* Sources */,
				2F00CE5B258E25020066D8B1 /* Frameworks */,
				2F00CE5C258E25020066D8B1 /* Resources */,
				20448A44D12C6DF9C04F610D /* [CP] Embed Pods Frameworks */,
			);
			buildRules = (
			);
			dependencies = (
			);
			name = OpenConnect;
			productName = OpenConnect;
			productReference = 2F00CE5E258E25020066D8B1 /* OpenConnect.app */;
			productType = "com.apple.product-type.application";
		};
		2F00CE76258E25030066D8B1 /* OpenConnectTests */ = {
			isa = PBXNativeTarget;
			buildConfigurationList = 2F00CE8E258E25030066D8B1 /* Build configuration list for PBXNativeTarget "OpenConnectTests" */;
			buildPhases = (
				068976A9D9474B7AA0D902BD /* [CP] Check Pods Manifest.lock */,
				2F00CE73258E25030066D8B1 /* Sources */,
				2F00CE74258E25030066D8B1 /* Frameworks */,
				2F00CE75258E25030066D8B1 /* Resources */,
			);
			buildRules = (
			);
			dependencies = (
				2F00CE79258E25030066D8B1 /* PBXTargetDependency */,
			);
			name = OpenConnectTests;
			productName = OpenConnectTests;
			productReference = 2F00CE77258E25030066D8B1 /* OpenConnectTests.xctest */;
			productType = "com.apple.product-type.bundle.unit-test";
		};
		2F00CE81258E25030066D8B1 /* OpenConnectUITests */ = {
			isa = PBXNativeTarget;
			buildConfigurationList = 2F00CE91258E25030066D8B1 /* Build configuration list for PBXNativeTarget "OpenConnectUITests" */;
			buildPhases = (
				6C1503B4C78E2C9A60C6F3A1 /* [CP] Check Pods Manifest.lock */,
				2F00CE7E258E25030066D8B1 /* Sources */,
				2F00CE7F258E25030066D8B1 /* Frameworks */,
				2F00CE80258E25030066D8B1 /* Resources */,
				6F82F78C7411320F22B088B4 /* [CP] Embed Pods Frameworks */,
			);
			buildRules = (
			);
			dependencies = (
				2F00CE84258E25030066D8B1 /* PBXTargetDependency */,
			);
			name = OpenConnectUITests;
			productName = OpenConnectUITests;
			productReference = 2F00CE82258E25030066D8B1 /* OpenConnectUITests.xctest */;
			productType = "com.apple.product-type.bundle.ui-testing";
		};
/* End PBXNativeTarget section */

/* Begin PBXProject section */
		2F00CE56258E25020066D8B1 /* Project object */ = {
			isa = PBXProject;
			attributes = {
				LastSwiftUpdateCheck = 1200;
				LastUpgradeCheck = 1200;
				TargetAttributes = {
					2F00CE5D258E25020066D8B1 = {
						CreatedOnToolsVersion = 12.0;
					};
					2F00CE76258E25030066D8B1 = {
						CreatedOnToolsVersion = 12.0;
						TestTargetID = 2F00CE5D258E25020066D8B1;
					};
					2F00CE81258E25030066D8B1 = {
						CreatedOnToolsVersion = 12.0;
						TestTargetID = 2F00CE5D258E25020066D8B1;
					};
				};
			};
			buildConfigurationList = 2F00CE59258E25020066D8B1 /* Build configuration list for PBXProject "OpenConnect" */;
			compatibilityVersion = "Xcode 9.3";
			developmentRegion = en;
			hasScannedForEncodings = 0;
			knownRegions = (
				en,
				Base,
			);
			mainGroup = 2F00CE55258E25020066D8B1;
			productRefGroup = 2F00CE5F258E25020066D8B1 /* Products */;
			projectDirPath = "";
			projectRoot = "";
			targets = (
				2F00CE5D258E25020066D8B1 /* OpenConnect */,
				2F00CE76258E25030066D8B1 /* OpenConnectTests */,
				2F00CE81258E25030066D8B1 /* OpenConnectUITests */,
			);
		};
/* End PBXProject section */

/* Begin PBXResourcesBuildPhase section */
		2F00CE5C258E25020066D8B1 /* Resources */ = {
			isa = PBXResourcesBuildPhase;
			buildActionMask = 2147483647;
			files = (
				2F00CEB0258F28C70066D8B1 /* Montserrat-Regular.ttf in Resources */,
				2F00CEAF258F28C70066D8B1 /* Montserrat-Bold.ttf in Resources */,
				2F00CEAD258F28C70066D8B1 /* Montserrat-Light.ttf in Resources */,
				2F00CEB1258F28C70066D8B1 /* Montserrat-SemiBold.ttf in Resources */,
				2F00CE71258E25030066D8B1 /* LaunchScreen.storyboard in Resources */,
				2F00CEAE258F28C70066D8B1 /* Montserrat-Medium.ttf in Resources */,
				2F00CE6E258E25030066D8B1 /* Assets.xcassets in Resources */,
			);
			runOnlyForDeploymentPostprocessing = 0;
		};
		2F00CE75258E25030066D8B1 /* Resources */ = {
			isa = PBXResourcesBuildPhase;
			buildActionMask = 2147483647;
			files = (
			);
			runOnlyForDeploymentPostprocessing = 0;
		};
		2F00CE80258E25030066D8B1 /* Resources */ = {
			isa = PBXResourcesBuildPhase;
			buildActionMask = 2147483647;
			files = (
			);
			runOnlyForDeploymentPostprocessing = 0;
		};
/* End PBXResourcesBuildPhase section */

/* Begin PBXShellScriptBuildPhase section */
		068976A9D9474B7AA0D902BD /* [CP] Check Pods Manifest.lock */ = {
			isa = PBXShellScriptBuildPhase;
			buildActionMask = 2147483647;
			files = (
			);
			inputFileListPaths = (
			);
			inputPaths = (
				"${PODS_PODFILE_DIR_PATH}/Podfile.lock",
				"${PODS_ROOT}/Manifest.lock",
			);
			name = "[CP] Check Pods Manifest.lock";
			outputFileListPaths = (
			);
			outputPaths = (
				"$(DERIVED_FILE_DIR)/Pods-OpenConnectTests-checkManifestLockResult.txt",
			);
			runOnlyForDeploymentPostprocessing = 0;
			shellPath = /bin/sh;
			shellScript = "diff \"${PODS_PODFILE_DIR_PATH}/Podfile.lock\" \"${PODS_ROOT}/Manifest.lock\" > /dev/null\nif [ $? != 0 ] ; then\n    # print error to STDERR\n    echo \"error: The sandbox is not in sync with the Podfile.lock. Run 'pod install' or update your CocoaPods installation.\" >&2\n    exit 1\nfi\n# This output is used by Xcode 'outputs' to avoid re-running this script phase.\necho \"SUCCESS\" > \"${SCRIPT_OUTPUT_FILE_0}\"\n";
			showEnvVarsInLog = 0;
		};
		20448A44D12C6DF9C04F610D /* [CP] Embed Pods Frameworks */ = {
			isa = PBXShellScriptBuildPhase;
			buildActionMask = 2147483647;
			files = (
			);
			inputFileListPaths = (
				"${PODS_ROOT}/Target Support Files/Pods-OpenConnect/Pods-OpenConnect-frameworks-${CONFIGURATION}-input-files.xcfilelist",
			);
			name = "[CP] Embed Pods Frameworks";
			outputFileListPaths = (
				"${PODS_ROOT}/Target Support Files/Pods-OpenConnect/Pods-OpenConnect-frameworks-${CONFIGURATION}-output-files.xcfilelist",
			);
			runOnlyForDeploymentPostprocessing = 0;
			shellPath = /bin/sh;
			shellScript = "\"${PODS_ROOT}/Target Support Files/Pods-OpenConnect/Pods-OpenConnect-frameworks.sh\"\n";
			showEnvVarsInLog = 0;
		};
		2F00CE94258E31470066D8B1 /* Pod: SwiftGen Run Script */ = {
			isa = PBXShellScriptBuildPhase;
			buildActionMask = 2147483647;
			files = (
			);
			inputFileListPaths = (
			);
			inputPaths = (
			);
			name = "Pod: SwiftGen Run Script";
			outputFileListPaths = (
			);
			outputPaths = (
			);
			runOnlyForDeploymentPostprocessing = 0;
			shellPath = /bin/sh;
			shellScript = "# Type a script or drag a script file from your workspace to insert its path.\nif [[ -f \"${PODS_ROOT}/SwiftGen/bin/swiftgen\" ]]; then\n  \"${PODS_ROOT}/SwiftGen/bin/swiftgen\"\nelse\n  echo \"warning: SwiftGen is not installed. Run 'pod install --repo-update' to install it.\"\nfi\n";
		};
		2F00CE99258E34170066D8B1 /* Pod: SwiftLint Run Script */ = {
			isa = PBXShellScriptBuildPhase;
			buildActionMask = 2147483647;
			files = (
			);
			inputFileListPaths = (
			);
			inputPaths = (
			);
			name = "Pod: SwiftLint Run Script";
			outputFileListPaths = (
			);
			outputPaths = (
			);
			runOnlyForDeploymentPostprocessing = 0;
			shellPath = /bin/sh;
			shellScript = "# Type a script or drag a script file from your workspace to insert its path.\n\"${PODS_ROOT}/SwiftLint/swiftlint\"\n";
		};
		5300E1166F672BE6B10E4B46 /* [CP] Check Pods Manifest.lock */ = {
			isa = PBXShellScriptBuildPhase;
			buildActionMask = 2147483647;
			files = (
			);
			inputFileListPaths = (
			);
			inputPaths = (
				"${PODS_PODFILE_DIR_PATH}/Podfile.lock",
				"${PODS_ROOT}/Manifest.lock",
			);
			name = "[CP] Check Pods Manifest.lock";
			outputFileListPaths = (
			);
			outputPaths = (
				"$(DERIVED_FILE_DIR)/Pods-OpenConnect-checkManifestLockResult.txt",
			);
			runOnlyForDeploymentPostprocessing = 0;
			shellPath = /bin/sh;
			shellScript = "diff \"${PODS_PODFILE_DIR_PATH}/Podfile.lock\" \"${PODS_ROOT}/Manifest.lock\" > /dev/null\nif [ $? != 0 ] ; then\n    # print error to STDERR\n    echo \"error: The sandbox is not in sync with the Podfile.lock. Run 'pod install' or update your CocoaPods installation.\" >&2\n    exit 1\nfi\n# This output is used by Xcode 'outputs' to avoid re-running this script phase.\necho \"SUCCESS\" > \"${SCRIPT_OUTPUT_FILE_0}\"\n";
			showEnvVarsInLog = 0;
		};
		6C1503B4C78E2C9A60C6F3A1 /* [CP] Check Pods Manifest.lock */ = {
			isa = PBXShellScriptBuildPhase;
			buildActionMask = 2147483647;
			files = (
			);
			inputFileListPaths = (
			);
			inputPaths = (
				"${PODS_PODFILE_DIR_PATH}/Podfile.lock",
				"${PODS_ROOT}/Manifest.lock",
			);
			name = "[CP] Check Pods Manifest.lock";
			outputFileListPaths = (
			);
			outputPaths = (
				"$(DERIVED_FILE_DIR)/Pods-OpenConnect-OpenConnectUITests-checkManifestLockResult.txt",
			);
			runOnlyForDeploymentPostprocessing = 0;
			shellPath = /bin/sh;
			shellScript = "diff \"${PODS_PODFILE_DIR_PATH}/Podfile.lock\" \"${PODS_ROOT}/Manifest.lock\" > /dev/null\nif [ $? != 0 ] ; then\n    # print error to STDERR\n    echo \"error: The sandbox is not in sync with the Podfile.lock. Run 'pod install' or update your CocoaPods installation.\" >&2\n    exit 1\nfi\n# This output is used by Xcode 'outputs' to avoid re-running this script phase.\necho \"SUCCESS\" > \"${SCRIPT_OUTPUT_FILE_0}\"\n";
			showEnvVarsInLog = 0;
		};
		6F82F78C7411320F22B088B4 /* [CP] Embed Pods Frameworks */ = {
			isa = PBXShellScriptBuildPhase;
			buildActionMask = 2147483647;
			files = (
			);
			inputFileListPaths = (
				"${PODS_ROOT}/Target Support Files/Pods-OpenConnect-OpenConnectUITests/Pods-OpenConnect-OpenConnectUITests-frameworks-${CONFIGURATION}-input-files.xcfilelist",
			);
			name = "[CP] Embed Pods Frameworks";
			outputFileListPaths = (
				"${PODS_ROOT}/Target Support Files/Pods-OpenConnect-OpenConnectUITests/Pods-OpenConnect-OpenConnectUITests-frameworks-${CONFIGURATION}-output-files.xcfilelist",
			);
			runOnlyForDeploymentPostprocessing = 0;
			shellPath = /bin/sh;
			shellScript = "\"${PODS_ROOT}/Target Support Files/Pods-OpenConnect-OpenConnectUITests/Pods-OpenConnect-OpenConnectUITests-frameworks.sh\"\n";
			showEnvVarsInLog = 0;
		};
/* End PBXShellScriptBuildPhase section */

/* Begin PBXSourcesBuildPhase section */
		2F00CE5A258E25020066D8B1 /* Sources */ = {
			isa = PBXSourcesBuildPhase;
			buildActionMask = 2147483647;
			files = (
				2F00CEDE258F57AC0066D8B1 /* UIBarButton+Extension.swift in Sources */,
				2F00CEB4258F29000066D8B1 /* Theme+UIFont.swift in Sources */,
				2F00CEEA258F598C0066D8B1 /* Utils+UIViewController+Extensions.swift in Sources */,
				2F00CEC4258F2DEB0066D8B1 /* Strings.swift in Sources */,
				2F00CE6C258E25020066D8B1 /* OpenConnect.xcdatamodeld in Sources */,
				2F00CE98258E32890066D8B1 /* UIImage+Assets.swift in Sources */,
				2F00CEC9258F2E720066D8B1 /* Reusable+UITableView.swift in Sources */,
				2F00CEEC258F59B00066D8B1 /* Utils+UIColor+Extensions.swift in Sources */,
				2F00CEEE258F59CF0066D8B1 /* Utils+UIApplication+Extensions.swift in Sources */,
				2F00CEBB258F2C9C0066D8B1 /* ModuleBuilder.swift in Sources */,
				2F00CEE4258F58D40066D8B1 /* Collection+Extensions.swift in Sources */,
				2F00CEE8258F59420066D8B1 /* String+Extensions.swift in Sources */,
				2F00CED0258F55BC0066D8B1 /* UIView+Extensions.swift in Sources */,
				2F00CECB258F2E900066D8B1 /* Reusable.swift in Sources */,
				2F00CED6258F56460066D8B1 /* UILabel+Extensions.swift in Sources */,
				2F00CEDC258F57890066D8B1 /* UIButton+Extensions.swift in Sources */,
				2F00CED2258F56060066D8B1 /* UITableView+Extensions.swift in Sources */,
				2F00CED8258F56650066D8B1 /* UIImageView+Extensions.swift in Sources */,
				2F00CED4258F56270066D8B1 /* UIStackView+Extensions.swift in Sources */,
				2F00CEE0258F57CA0066D8B1 /* UIApplication+Extensions.swift in Sources */,
				2F00CEE6258F58F00066D8B1 /* Optional+Extensions.swift in Sources */,
				2F00CECE258F555B0066D8B1 /* UIViewController+Extensions.swift in Sources */,
				2F00CEE2258F58A00066D8B1 /* Theme+UIColor.swift in Sources */,
				2F00CE66258E25020066D8B1 /* ViewController.swift in Sources */,
				2F00CEDA258F56840066D8B1 /* UICollectionView+Extensions.swift in Sources */,
				2F00CEC2258F2DB40066D8B1 /* Constants.swift in Sources */,
				2F00CE62258E25020066D8B1 /* AppDelegate.swift in Sources */,
				2F00CEBF258F2D360066D8B1 /* BaseViewInput.swift in Sources */,
				2F00CEC7258F2E440066D8B1 /* Reusable+UICollectionView.swift in Sources */,
				2F00CE64258E25020066D8B1 /* SceneDelegate.swift in Sources */,
				2F00CEB8258F29FB0066D8B1 /* UIFont+Extensions.swift in Sources */,
			);
			runOnlyForDeploymentPostprocessing = 0;
		};
		2F00CE73258E25030066D8B1 /* Sources */ = {
			isa = PBXSourcesBuildPhase;
			buildActionMask = 2147483647;
			files = (
				2F00CE7C258E25030066D8B1 /* OpenConnectTests.swift in Sources */,
			);
			runOnlyForDeploymentPostprocessing = 0;
		};
		2F00CE7E258E25030066D8B1 /* Sources */ = {
			isa = PBXSourcesBuildPhase;
			buildActionMask = 2147483647;
			files = (
				2F00CE87258E25030066D8B1 /* OpenConnectUITests.swift in Sources */,
			);
			runOnlyForDeploymentPostprocessing = 0;
		};
/* End PBXSourcesBuildPhase section */

/* Begin PBXTargetDependency section */
		2F00CE79258E25030066D8B1 /* PBXTargetDependency */ = {
			isa = PBXTargetDependency;
			target = 2F00CE5D258E25020066D8B1 /* OpenConnect */;
			targetProxy = 2F00CE78258E25030066D8B1 /* PBXContainerItemProxy */;
		};
		2F00CE84258E25030066D8B1 /* PBXTargetDependency */ = {
			isa = PBXTargetDependency;
			target = 2F00CE5D258E25020066D8B1 /* OpenConnect */;
			targetProxy = 2F00CE83258E25030066D8B1 /* PBXContainerItemProxy */;
		};
/* End PBXTargetDependency section */

/* Begin PBXVariantGroup section */
		2F00CE6F258E25030066D8B1 /* LaunchScreen.storyboard */ = {
			isa = PBXVariantGroup;
			children = (
				2F00CE70258E25030066D8B1 /* Base */,
			);
			name = LaunchScreen.storyboard;
			sourceTree = "<group>";
		};
/* End PBXVariantGroup section */

/* Begin XCBuildConfiguration section */
		2F00CE89258E25030066D8B1 /* Debug */ = {
			isa = XCBuildConfiguration;
			buildSettings = {
				ALWAYS_SEARCH_USER_PATHS = NO;
				CLANG_ANALYZER_NONNULL = YES;
				CLANG_ANALYZER_NUMBER_OBJECT_CONVERSION = YES_AGGRESSIVE;
				CLANG_CXX_LANGUAGE_STANDARD = "gnu++14";
				CLANG_CXX_LIBRARY = "libc++";
				CLANG_ENABLE_MODULES = YES;
				CLANG_ENABLE_OBJC_ARC = YES;
				CLANG_ENABLE_OBJC_WEAK = YES;
				CLANG_WARN_BLOCK_CAPTURE_AUTORELEASING = YES;
				CLANG_WARN_BOOL_CONVERSION = YES;
				CLANG_WARN_COMMA = YES;
				CLANG_WARN_CONSTANT_CONVERSION = YES;
				CLANG_WARN_DEPRECATED_OBJC_IMPLEMENTATIONS = YES;
				CLANG_WARN_DIRECT_OBJC_ISA_USAGE = YES_ERROR;
				CLANG_WARN_DOCUMENTATION_COMMENTS = YES;
				CLANG_WARN_EMPTY_BODY = YES;
				CLANG_WARN_ENUM_CONVERSION = YES;
				CLANG_WARN_INFINITE_RECURSION = YES;
				CLANG_WARN_INT_CONVERSION = YES;
				CLANG_WARN_NON_LITERAL_NULL_CONVERSION = YES;
				CLANG_WARN_OBJC_IMPLICIT_RETAIN_SELF = YES;
				CLANG_WARN_OBJC_LITERAL_CONVERSION = YES;
				CLANG_WARN_OBJC_ROOT_CLASS = YES_ERROR;
				CLANG_WARN_QUOTED_INCLUDE_IN_FRAMEWORK_HEADER = YES;
				CLANG_WARN_RANGE_LOOP_ANALYSIS = YES;
				CLANG_WARN_STRICT_PROTOTYPES = YES;
				CLANG_WARN_SUSPICIOUS_MOVE = YES;
				CLANG_WARN_UNGUARDED_AVAILABILITY = YES_AGGRESSIVE;
				CLANG_WARN_UNREACHABLE_CODE = YES;
				CLANG_WARN__DUPLICATE_METHOD_MATCH = YES;
				COPY_PHASE_STRIP = NO;
				DEBUG_INFORMATION_FORMAT = dwarf;
				ENABLE_STRICT_OBJC_MSGSEND = YES;
				ENABLE_TESTABILITY = YES;
				GCC_C_LANGUAGE_STANDARD = gnu11;
				GCC_DYNAMIC_NO_PIC = NO;
				GCC_NO_COMMON_BLOCKS = YES;
				GCC_OPTIMIZATION_LEVEL = 0;
				GCC_PREPROCESSOR_DEFINITIONS = (
					"DEBUG=1",
					"$(inherited)",
				);
				GCC_WARN_64_TO_32_BIT_CONVERSION = YES;
				GCC_WARN_ABOUT_RETURN_TYPE = YES_ERROR;
				GCC_WARN_UNDECLARED_SELECTOR = YES;
				GCC_WARN_UNINITIALIZED_AUTOS = YES_AGGRESSIVE;
				GCC_WARN_UNUSED_FUNCTION = YES;
				GCC_WARN_UNUSED_VARIABLE = YES;
				IPHONEOS_DEPLOYMENT_TARGET = 14.0;
				MTL_ENABLE_DEBUG_INFO = INCLUDE_SOURCE;
				MTL_FAST_MATH = YES;
				ONLY_ACTIVE_ARCH = YES;
				SDKROOT = iphoneos;
				SWIFT_ACTIVE_COMPILATION_CONDITIONS = DEBUG;
				SWIFT_OPTIMIZATION_LEVEL = "-Onone";
			};
			name = Debug;
		};
		2F00CE8A258E25030066D8B1 /* Release */ = {
			isa = XCBuildConfiguration;
			buildSettings = {
				ALWAYS_SEARCH_USER_PATHS = NO;
				CLANG_ANALYZER_NONNULL = YES;
				CLANG_ANALYZER_NUMBER_OBJECT_CONVERSION = YES_AGGRESSIVE;
				CLANG_CXX_LANGUAGE_STANDARD = "gnu++14";
				CLANG_CXX_LIBRARY = "libc++";
				CLANG_ENABLE_MODULES = YES;
				CLANG_ENABLE_OBJC_ARC = YES;
				CLANG_ENABLE_OBJC_WEAK = YES;
				CLANG_WARN_BLOCK_CAPTURE_AUTORELEASING = YES;
				CLANG_WARN_BOOL_CONVERSION = YES;
				CLANG_WARN_COMMA = YES;
				CLANG_WARN_CONSTANT_CONVERSION = YES;
				CLANG_WARN_DEPRECATED_OBJC_IMPLEMENTATIONS = YES;
				CLANG_WARN_DIRECT_OBJC_ISA_USAGE = YES_ERROR;
				CLANG_WARN_DOCUMENTATION_COMMENTS = YES;
				CLANG_WARN_EMPTY_BODY = YES;
				CLANG_WARN_ENUM_CONVERSION = YES;
				CLANG_WARN_INFINITE_RECURSION = YES;
				CLANG_WARN_INT_CONVERSION = YES;
				CLANG_WARN_NON_LITERAL_NULL_CONVERSION = YES;
				CLANG_WARN_OBJC_IMPLICIT_RETAIN_SELF = YES;
				CLANG_WARN_OBJC_LITERAL_CONVERSION = YES;
				CLANG_WARN_OBJC_ROOT_CLASS = YES_ERROR;
				CLANG_WARN_QUOTED_INCLUDE_IN_FRAMEWORK_HEADER = YES;
				CLANG_WARN_RANGE_LOOP_ANALYSIS = YES;
				CLANG_WARN_STRICT_PROTOTYPES = YES;
				CLANG_WARN_SUSPICIOUS_MOVE = YES;
				CLANG_WARN_UNGUARDED_AVAILABILITY = YES_AGGRESSIVE;
				CLANG_WARN_UNREACHABLE_CODE = YES;
				CLANG_WARN__DUPLICATE_METHOD_MATCH = YES;
				COPY_PHASE_STRIP = NO;
				DEBUG_INFORMATION_FORMAT = "dwarf-with-dsym";
				ENABLE_NS_ASSERTIONS = NO;
				ENABLE_STRICT_OBJC_MSGSEND = YES;
				GCC_C_LANGUAGE_STANDARD = gnu11;
				GCC_NO_COMMON_BLOCKS = YES;
				GCC_WARN_64_TO_32_BIT_CONVERSION = YES;
				GCC_WARN_ABOUT_RETURN_TYPE = YES_ERROR;
				GCC_WARN_UNDECLARED_SELECTOR = YES;
				GCC_WARN_UNINITIALIZED_AUTOS = YES_AGGRESSIVE;
				GCC_WARN_UNUSED_FUNCTION = YES;
				GCC_WARN_UNUSED_VARIABLE = YES;
				IPHONEOS_DEPLOYMENT_TARGET = 14.0;
				MTL_ENABLE_DEBUG_INFO = NO;
				MTL_FAST_MATH = YES;
				SDKROOT = iphoneos;
				SWIFT_COMPILATION_MODE = wholemodule;
				SWIFT_OPTIMIZATION_LEVEL = "-O";
				VALIDATE_PRODUCT = YES;
			};
			name = Release;
		};
		2F00CE8C258E25030066D8B1 /* Debug */ = {
			isa = XCBuildConfiguration;
			baseConfigurationReference = 2639EAFDA2C0DFE299457FD2 /* Pods-OpenConnect.debug.xcconfig */;
			buildSettings = {
				ASSETCATALOG_COMPILER_APPICON_NAME = AppIcon;
				ASSETCATALOG_COMPILER_GLOBAL_ACCENT_COLOR_NAME = AccentColor;
				CODE_SIGN_STYLE = Automatic;
				DEVELOPMENT_TEAM = BSYC5U549A;
				INFOPLIST_FILE = OpenConnect/Info.plist;
				LD_RUNPATH_SEARCH_PATHS = (
					"$(inherited)",
					"@executable_path/Frameworks",
				);
				PRODUCT_BUNDLE_IDENTIFIER = com.openconnect.OpenConnect;
				PRODUCT_NAME = "$(TARGET_NAME)";
				SWIFT_VERSION = 5.0;
				TARGETED_DEVICE_FAMILY = "1,2";
			};
			name = Debug;
		};
		2F00CE8D258E25030066D8B1 /* Release */ = {
			isa = XCBuildConfiguration;
			baseConfigurationReference = DAA47826ECE96C49B76C9185 /* Pods-OpenConnect.release.xcconfig */;
			buildSettings = {
				ASSETCATALOG_COMPILER_APPICON_NAME = AppIcon;
				ASSETCATALOG_COMPILER_GLOBAL_ACCENT_COLOR_NAME = AccentColor;
				CODE_SIGN_STYLE = Automatic;
				DEVELOPMENT_TEAM = BSYC5U549A;
				INFOPLIST_FILE = OpenConnect/Info.plist;
				LD_RUNPATH_SEARCH_PATHS = (
					"$(inherited)",
					"@executable_path/Frameworks",
				);
				PRODUCT_BUNDLE_IDENTIFIER = com.openconnect.OpenConnect;
				PRODUCT_NAME = "$(TARGET_NAME)";
				SWIFT_VERSION = 5.0;
				TARGETED_DEVICE_FAMILY = "1,2";
			};
			name = Release;
		};
		2F00CE8F258E25030066D8B1 /* Debug */ = {
			isa = XCBuildConfiguration;
			baseConfigurationReference = 2895ABE857E1175E1CAC8D82 /* Pods-OpenConnectTests.debug.xcconfig */;
			buildSettings = {
				ALWAYS_EMBED_SWIFT_STANDARD_LIBRARIES = YES;
				BUNDLE_LOADER = "$(TEST_HOST)";
				CODE_SIGN_STYLE = Automatic;
				DEVELOPMENT_TEAM = BSYC5U549A;
				INFOPLIST_FILE = OpenConnectTests/Info.plist;
				IPHONEOS_DEPLOYMENT_TARGET = 14.0;
				LD_RUNPATH_SEARCH_PATHS = (
					"$(inherited)",
					"@executable_path/Frameworks",
					"@loader_path/Frameworks",
				);
				PRODUCT_BUNDLE_IDENTIFIER = com.openconnect.OpenConnectTests;
				PRODUCT_NAME = "$(TARGET_NAME)";
				SWIFT_VERSION = 5.0;
				TARGETED_DEVICE_FAMILY = "1,2";
				TEST_HOST = "$(BUILT_PRODUCTS_DIR)/OpenConnect.app/OpenConnect";
			};
			name = Debug;
		};
		2F00CE90258E25030066D8B1 /* Release */ = {
			isa = XCBuildConfiguration;
			baseConfigurationReference = AAE6DF23C04B42770A6B4339 /* Pods-OpenConnectTests.release.xcconfig */;
			buildSettings = {
				ALWAYS_EMBED_SWIFT_STANDARD_LIBRARIES = YES;
				BUNDLE_LOADER = "$(TEST_HOST)";
				CODE_SIGN_STYLE = Automatic;
				DEVELOPMENT_TEAM = BSYC5U549A;
				INFOPLIST_FILE = OpenConnectTests/Info.plist;
				IPHONEOS_DEPLOYMENT_TARGET = 14.0;
				LD_RUNPATH_SEARCH_PATHS = (
					"$(inherited)",
					"@executable_path/Frameworks",
					"@loader_path/Frameworks",
				);
				PRODUCT_BUNDLE_IDENTIFIER = com.openconnect.OpenConnectTests;
				PRODUCT_NAME = "$(TARGET_NAME)";
				SWIFT_VERSION = 5.0;
				TARGETED_DEVICE_FAMILY = "1,2";
				TEST_HOST = "$(BUILT_PRODUCTS_DIR)/OpenConnect.app/OpenConnect";
			};
			name = Release;
		};
		2F00CE92258E25030066D8B1 /* Debug */ = {
			isa = XCBuildConfiguration;
			baseConfigurationReference = 7CD791A28A2A048FDCD03E6E /* Pods-OpenConnect-OpenConnectUITests.debug.xcconfig */;
			buildSettings = {
				ALWAYS_EMBED_SWIFT_STANDARD_LIBRARIES = YES;
				CODE_SIGN_STYLE = Automatic;
				DEVELOPMENT_TEAM = BSYC5U549A;
				INFOPLIST_FILE = OpenConnectUITests/Info.plist;
				LD_RUNPATH_SEARCH_PATHS = (
					"$(inherited)",
					"@executable_path/Frameworks",
					"@loader_path/Frameworks",
				);
				PRODUCT_BUNDLE_IDENTIFIER = com.openconnect.OpenConnectUITests;
				PRODUCT_NAME = "$(TARGET_NAME)";
				SWIFT_VERSION = 5.0;
				TARGETED_DEVICE_FAMILY = "1,2";
				TEST_TARGET_NAME = OpenConnect;
			};
			name = Debug;
		};
		2F00CE93258E25030066D8B1 /* Release */ = {
			isa = XCBuildConfiguration;
			baseConfigurationReference = EA499719A1EB010D0D8AD340 /* Pods-OpenConnect-OpenConnectUITests.release.xcconfig */;
			buildSettings = {
				ALWAYS_EMBED_SWIFT_STANDARD_LIBRARIES = YES;
				CODE_SIGN_STYLE = Automatic;
				DEVELOPMENT_TEAM = BSYC5U549A;
				INFOPLIST_FILE = OpenConnectUITests/Info.plist;
				LD_RUNPATH_SEARCH_PATHS = (
					"$(inherited)",
					"@executable_path/Frameworks",
					"@loader_path/Frameworks",
				);
				PRODUCT_BUNDLE_IDENTIFIER = com.openconnect.OpenConnectUITests;
				PRODUCT_NAME = "$(TARGET_NAME)";
				SWIFT_VERSION = 5.0;
				TARGETED_DEVICE_FAMILY = "1,2";
				TEST_TARGET_NAME = OpenConnect;
			};
			name = Release;
		};
/* End XCBuildConfiguration section */

/* Begin XCConfigurationList section */
		2F00CE59258E25020066D8B1 /* Build configuration list for PBXProject "OpenConnect" */ = {
			isa = XCConfigurationList;
			buildConfigurations = (
				2F00CE89258E25030066D8B1 /* Debug */,
				2F00CE8A258E25030066D8B1 /* Release */,
			);
			defaultConfigurationIsVisible = 0;
			defaultConfigurationName = Release;
		};
		2F00CE8B258E25030066D8B1 /* Build configuration list for PBXNativeTarget "OpenConnect" */ = {
			isa = XCConfigurationList;
			buildConfigurations = (
				2F00CE8C258E25030066D8B1 /* Debug */,
				2F00CE8D258E25030066D8B1 /* Release */,
			);
			defaultConfigurationIsVisible = 0;
			defaultConfigurationName = Release;
		};
		2F00CE8E258E25030066D8B1 /* Build configuration list for PBXNativeTarget "OpenConnectTests" */ = {
			isa = XCConfigurationList;
			buildConfigurations = (
				2F00CE8F258E25030066D8B1 /* Debug */,
				2F00CE90258E25030066D8B1 /* Release */,
			);
			defaultConfigurationIsVisible = 0;
			defaultConfigurationName = Release;
		};
		2F00CE91258E25030066D8B1 /* Build configuration list for PBXNativeTarget "OpenConnectUITests" */ = {
			isa = XCConfigurationList;
			buildConfigurations = (
				2F00CE92258E25030066D8B1 /* Debug */,
				2F00CE93258E25030066D8B1 /* Release */,
			);
			defaultConfigurationIsVisible = 0;
			defaultConfigurationName = Release;
		};
/* End XCConfigurationList section */

/* Begin XCVersionGroup section */
		2F00CE6A258E25020066D8B1 /* OpenConnect.xcdatamodeld */ = {
			isa = XCVersionGroup;
			children = (
				2F00CE6B258E25020066D8B1 /* OpenConnect.xcdatamodel */,
			);
			currentVersion = 2F00CE6B258E25020066D8B1 /* OpenConnect.xcdatamodel */;
			path = OpenConnect.xcdatamodeld;
			sourceTree = "<group>";
			versionGroupType = wrapper.xcdatamodel;
		};
/* End XCVersionGroup section */
	};
	rootObject = 2F00CE56258E25020066D8B1 /* Project object */;
}
